
Microsoft Visual Studio Solution File, Format Version 12.00
# Visual Studio Version 17
VisualStudioVersion = 17.9.34728.123
MinimumVisualStudioVersion = 10.0.40219.1
Project("{FAE04EC0-301F-11D3-BF4B-00C04F79EFBC}") = "Lection0515", "Lection0515\Lection0515.csproj", "{BC948206-7DFD-4746-8108-A73B2CEB8172}"
EndProject
Project("{FAE04EC0-301F-11D3-BF4B-00C04F79EFBC}") = "WpfApp1", "WpfApp1\WpfApp1.csproj", "{4FDCFAB5-0146-41AB-944F-4FCDC8908F63}"
EndProject
Global
	GlobalSection(SolutionConfigurationPlatforms) = preSolution
		Debug|Any CPU = Debug|Any CPU
		Release|Any CPU = Release|Any CPU
	EndGlobalSection
	GlobalSection(ProjectConfigurationPlatforms) = postSolution
		{BC948206-7DFD-4746-8108-A73B2CEB8172}.Debug|Any CPU.ActiveCfg = Debug|Any CPU
		{BC948206-7DFD-4746-8108-A73B2CEB8172}.Debug|Any CPU.Build.0 = Debug|Any CPU
		{BC948206-7DFD-4746-8108-A73B2CEB8172}.Release|Any CPU.ActiveCfg = Release|Any CPU
		{BC948206-7DFD-4746-8108-A73B2CEB8172}.Release|Any CPU.Build.0 = Release|Any CPU
		{4FDCFAB5-0146-41AB-944F-4FCDC8908F63}.Debug|Any CPU.ActiveCfg = Debug|Any CPU
		{4FDCFAB5-0146-41AB-944F-4FCDC8908F63}.Debug|Any CPU.Build.0 = Debug|Any CPU
		{4FDCFAB5-0146-41AB-944F-4FCDC8908F63}.Release|Any CPU.ActiveCfg = Release|Any CPU
		{4FDCFAB5-0146-41AB-944F-4FCDC8908F63}.Release|Any CPU.Build.0 = Release|Any CPU
	EndGlobalSection
	GlobalSection(SolutionProperties) = preSolution
		HideSolutionNode = FALSE
	EndGlobalSection
	GlobalSection(ExtensibilityGlobals) = postSolution
		SolutionGuid = {72FEC090-8188-457B-B3FD-A14D4C90769A}
	EndGlobalSection
EndGlobal
