
Microsoft Visual Studio Solution File, Format Version 12.00
# Visual Studio Version 17
VisualStudioVersion = 17.9.34728.123
MinimumVisualStudioVersion = 10.0.40219.1
Project("{FAE04EC0-301F-11D3-BF4B-00C04F79EFBC}") = "Lection0511", "Lection0511\Lection0511.csproj", "{4133083D-C40F-4A0C-BCB7-7BD7A94FE753}"
EndProject
Project("{FAE04EC0-301F-11D3-BF4B-00C04F79EFBC}") = "WpfApp1", "WpfApp1\WpfApp1.csproj", "{503FC723-CE9D-41F6-9C65-07FC217AD7DF}"
EndProject
Global
	GlobalSection(SolutionConfigurationPlatforms) = preSolution
		Debug|Any CPU = Debug|Any CPU
		Release|Any CPU = Release|Any CPU
	EndGlobalSection
	GlobalSection(ProjectConfigurationPlatforms) = postSolution
		{4133083D-C40F-4A0C-BCB7-7BD7A94FE753}.Debug|Any CPU.ActiveCfg = Debug|Any CPU
		{4133083D-C40F-4A0C-BCB7-7BD7A94FE753}.Debug|Any CPU.Build.0 = Debug|Any CPU
		{4133083D-C40F-4A0C-BCB7-7BD7A94FE753}.Release|Any CPU.ActiveCfg = Release|Any CPU
		{4133083D-C40F-4A0C-BCB7-7BD7A94FE753}.Release|Any CPU.Build.0 = Release|Any CPU
		{503FC723-CE9D-41F6-9C65-07FC217AD7DF}.Debug|Any CPU.ActiveCfg = Debug|Any CPU
		{503FC723-CE9D-41F6-9C65-07FC217AD7DF}.Debug|Any CPU.Build.0 = Debug|Any CPU
		{503FC723-CE9D-41F6-9C65-07FC217AD7DF}.Release|Any CPU.ActiveCfg = Release|Any CPU
		{503FC723-CE9D-41F6-9C65-07FC217AD7DF}.Release|Any CPU.Build.0 = Release|Any CPU
	EndGlobalSection
	GlobalSection(SolutionProperties) = preSolution
		HideSolutionNode = FALSE
	EndGlobalSection
	GlobalSection(ExtensibilityGlobals) = postSolution
		SolutionGuid = {3F9FD22E-06CE-4F92-A59F-9D28720FD234}
	EndGlobalSection
EndGlobal
